// !$*UTF8*$!
{
	archiveVersion = 1;
	classes = {
	};
	objectVersion = 46;
	objects = {

/* Begin PBXBuildFile section */
		3F0339461AF3FD76007DA47D /* MeetEmUpScreen2.png in Resources */ = {isa = PBXBuildFile; fileRef = 3F0339401AF3FD76007DA47D /* MeetEmUpScreen2.png */; };
		3F0339471AF3FD76007DA47D /* Icon_Favorite.png in Resources */ = {isa = PBXBuildFile; fileRef = 3F0339411AF3FD76007DA47D /* Icon_Favorite.png */; };
		3F0339481AF3FD76007DA47D /* Icon_Profile.png in Resources */ = {isa = PBXBuildFile; fileRef = 3F0339421AF3FD76007DA47D /* Icon_Profile.png */; };
		3F0339491AF3FD76007DA47D /* MEU Logo2.png in Resources */ = {isa = PBXBuildFile; fileRef = 3F0339431AF3FD76007DA47D /* MEU Logo2.png */; };
		3F03394A1AF3FD76007DA47D /* Icon_List.png in Resources */ = {isa = PBXBuildFile; fileRef = 3F0339441AF3FD76007DA47D /* Icon_List.png */; };
		3F03394B1AF3FD76007DA47D /* MEU App Icon2.png in Resources */ = {isa = PBXBuildFile; fileRef = 3F0339451AF3FD76007DA47D /* MEU App Icon2.png */; };
		3F43FCE81AB61C3500BD3100 /* main.m in Sources */ = {isa = PBXBuildFile; fileRef = 3F43FCE71AB61C3500BD3100 /* main.m */; };
		3F43FCEB1AB61C3500BD3100 /* AppDelegate.m in Sources */ = {isa = PBXBuildFile; fileRef = 3F43FCEA1AB61C3500BD3100 /* AppDelegate.m */; };
		3F43FCF41AB61C3500BD3100 /* Main.storyboard in Resources */ = {isa = PBXBuildFile; fileRef = 3F43FCF21AB61C3500BD3100 /* Main.storyboard */; };
		3F43FCF61AB61C3500BD3100 /* Images.xcassets in Resources */ = {isa = PBXBuildFile; fileRef = 3F43FCF51AB61C3500BD3100 /* Images.xcassets */; };
		3F43FCF91AB61C3500BD3100 /* LaunchScreen.xib in Resources */ = {isa = PBXBuildFile; fileRef = 3F43FCF71AB61C3500BD3100 /* LaunchScreen.xib */; };
		3F43FD051AB61C3500BD3100 /* MeetEmUpTests.m in Sources */ = {isa = PBXBuildFile; fileRef = 3F43FD041AB61C3500BD3100 /* MeetEmUpTests.m */; };
		3F43FD131AB6356D00BD3100 /* User.m in Sources */ = {isa = PBXBuildFile; fileRef = 3F43FD121AB6356D00BD3100 /* User.m */; };
		3F65D65B1AE976360053F022 /* InterestTableCell.m in Sources */ = {isa = PBXBuildFile; fileRef = 3F65D65A1AE976360053F022 /* InterestTableCell.m */; };
		3F6C53C01ACDDA44006905A3 /* LoginViewController.m in Sources */ = {isa = PBXBuildFile; fileRef = 3F6C53BF1ACDDA44006905A3 /* LoginViewController.m */; };
		3F6D43CC1ACF282F000DA81D /* MeetEmUpScreen.png in Resources */ = {isa = PBXBuildFile; fileRef = 3F6D43CB1ACF282F000DA81D /* MeetEmUpScreen.png */; };
		3FA4D4951ADEFF89006CD755 /* MatchDetailViewController.m in Sources */ = {isa = PBXBuildFile; fileRef = 3FA4D4941ADEFF89006CD755 /* MatchDetailViewController.m */; };
		3FA4D4981ADF1B9E006CD755 /* Profile.m in Sources */ = {isa = PBXBuildFile; fileRef = 3FA4D4971ADF1B9E006CD755 /* Profile.m */; };
		3FE64D391ACF22CD00F786F3 /* AccountViewController.m in Sources */ = {isa = PBXBuildFile; fileRef = 3FE64D381ACF22CD00F786F3 /* AccountViewController.m */; };
		3FE64D3C1ACF2DDA00F786F3 /* Database.m in Sources */ = {isa = PBXBuildFile; fileRef = 3FE64D3B1ACF2DDA00F786F3 /* Database.m */; };
		3FE8A9DA1AFC401700585AE4 /* CurrentMatchDetailVC.m in Sources */ = {isa = PBXBuildFile; fileRef = 3FE8A9D91AFC401700585AE4 /* CurrentMatchDetailVC.m */; };
		3FE8A9E51AFC4B6600585AE4 /* CurrentMatchListTVC.m in Sources */ = {isa = PBXBuildFile; fileRef = 3FE8A9E41AFC4B6600585AE4 /* CurrentMatchListTVC.m */; };
		3FE8A9E81AFC4DEE00585AE4 /* CurrentMatchTableCell.m in Sources */ = {isa = PBXBuildFile; fileRef = 3FE8A9E71AFC4DEE00585AE4 /* CurrentMatchTableCell.m */; };
		3FE8A9EB1AFC4ED500585AE4 /* SearchListTVC.m in Sources */ = {isa = PBXBuildFile; fileRef = 3FE8A9EA1AFC4ED500585AE4 /* SearchListTVC.m */; };
		3FE8A9EF1AFC5CB900585AE4 /* SearchedUserCell.m in Sources */ = {isa = PBXBuildFile; fileRef = 3FE8A9EE1AFC5CB900585AE4 /* SearchedUserCell.m */; };
		3FFF63E31AE4333600BA6773 /* MainPageViewController.m in Sources */ = {isa = PBXBuildFile; fileRef = 3FFF63E21AE4333600BA6773 /* MainPageViewController.m */; };
		3FFF63E61AE4366700BA6773 /* TabBarController.m in Sources */ = {isa = PBXBuildFile; fileRef = 3FFF63E51AE4366700BA6773 /* TabBarController.m */; };
		3FFF63EC1AE43E7100BA6773 /* EditProfileViewController.m in Sources */ = {isa = PBXBuildFile; fileRef = 3FFF63EB1AE43E7100BA6773 /* EditProfileViewController.m */; };
/* End PBXBuildFile section */

/* Begin PBXContainerItemProxy section */
		3F43FCFF1AB61C3500BD3100 /* PBXContainerItemProxy */ = {
			isa = PBXContainerItemProxy;
			containerPortal = 3F43FCDA1AB61C3500BD3100 /* Project object */;
			proxyType = 1;
			remoteGlobalIDString = 3F43FCE11AB61C3500BD3100;
			remoteInfo = MeetEmUp;
		};
/* End PBXContainerItemProxy section */

/* Begin PBXFileReference section */
		3F0339401AF3FD76007DA47D /* MeetEmUpScreen2.png */ = {isa = PBXFileReference; lastKnownFileType = image.png; path = MeetEmUpScreen2.png; sourceTree = "<group>"; };
		3F0339411AF3FD76007DA47D /* Icon_Favorite.png */ = {isa = PBXFileReference; lastKnownFileType = image.png; path = Icon_Favorite.png; sourceTree = "<group>"; };
		3F0339421AF3FD76007DA47D /* Icon_Profile.png */ = {isa = PBXFileReference; lastKnownFileType = image.png; path = Icon_Profile.png; sourceTree = "<group>"; };
		3F0339431AF3FD76007DA47D /* MEU Logo2.png */ = {isa = PBXFileReference; lastKnownFileType = image.png; path = "MEU Logo2.png"; sourceTree = "<group>"; };
		3F0339441AF3FD76007DA47D /* Icon_List.png */ = {isa = PBXFileReference; lastKnownFileType = image.png; path = Icon_List.png; sourceTree = "<group>"; };
		3F0339451AF3FD76007DA47D /* MEU App Icon2.png */ = {isa = PBXFileReference; lastKnownFileType = image.png; path = "MEU App Icon2.png"; sourceTree = "<group>"; };
		3F43FCE21AB61C3500BD3100 /* MeetEmUp.app */ = {isa = PBXFileReference; explicitFileType = wrapper.application; includeInIndex = 0; path = MeetEmUp.app; sourceTree = BUILT_PRODUCTS_DIR; };
		3F43FCE61AB61C3500BD3100 /* Info.plist */ = {isa = PBXFileReference; lastKnownFileType = text.plist.xml; path = Info.plist; sourceTree = "<group>"; };
		3F43FCE71AB61C3500BD3100 /* main.m */ = {isa = PBXFileReference; lastKnownFileType = sourcecode.c.objc; path = main.m; sourceTree = "<group>"; };
		3F43FCE91AB61C3500BD3100 /* AppDelegate.h */ = {isa = PBXFileReference; lastKnownFileType = sourcecode.c.h; path = AppDelegate.h; sourceTree = "<group>"; };
		3F43FCEA1AB61C3500BD3100 /* AppDelegate.m */ = {isa = PBXFileReference; lastKnownFileType = sourcecode.c.objc; path = AppDelegate.m; sourceTree = "<group>"; };
		3F43FCF31AB61C3500BD3100 /* Base */ = {isa = PBXFileReference; lastKnownFileType = file.storyboard; name = Base; path = Base.lproj/Main.storyboard; sourceTree = "<group>"; };
		3F43FCF51AB61C3500BD3100 /* Images.xcassets */ = {isa = PBXFileReference; lastKnownFileType = folder.assetcatalog; path = Images.xcassets; sourceTree = "<group>"; };
		3F43FCF81AB61C3500BD3100 /* Base */ = {isa = PBXFileReference; lastKnownFileType = file.xib; name = Base; path = Base.lproj/LaunchScreen.xib; sourceTree = "<group>"; };
		3F43FCFE1AB61C3500BD3100 /* MeetEmUpTests.xctest */ = {isa = PBXFileReference; explicitFileType = wrapper.cfbundle; includeInIndex = 0; path = MeetEmUpTests.xctest; sourceTree = BUILT_PRODUCTS_DIR; };
		3F43FD031AB61C3500BD3100 /* Info.plist */ = {isa = PBXFileReference; lastKnownFileType = text.plist.xml; path = Info.plist; sourceTree = "<group>"; };
		3F43FD041AB61C3500BD3100 /* MeetEmUpTests.m */ = {isa = PBXFileReference; lastKnownFileType = sourcecode.c.objc; path = MeetEmUpTests.m; sourceTree = "<group>"; };
		3F43FD111AB6356D00BD3100 /* User.h */ = {isa = PBXFileReference; fileEncoding = 4; lastKnownFileType = sourcecode.c.h; path = User.h; sourceTree = "<group>"; };
		3F43FD121AB6356D00BD3100 /* User.m */ = {isa = PBXFileReference; fileEncoding = 4; lastKnownFileType = sourcecode.c.objc; path = User.m; sourceTree = "<group>"; };
		3F65D6591AE976360053F022 /* InterestTableCell.h */ = {isa = PBXFileReference; fileEncoding = 4; lastKnownFileType = sourcecode.c.h; path = InterestTableCell.h; sourceTree = "<group>"; };
		3F65D65A1AE976360053F022 /* InterestTableCell.m */ = {isa = PBXFileReference; fileEncoding = 4; lastKnownFileType = sourcecode.c.objc; path = InterestTableCell.m; sourceTree = "<group>"; };
		3F6C53BE1ACDDA44006905A3 /* LoginViewController.h */ = {isa = PBXFileReference; fileEncoding = 4; lastKnownFileType = sourcecode.c.h; path = LoginViewController.h; sourceTree = "<group>"; };
		3F6C53BF1ACDDA44006905A3 /* LoginViewController.m */ = {isa = PBXFileReference; fileEncoding = 4; lastKnownFileType = sourcecode.c.objc; path = LoginViewController.m; sourceTree = "<group>"; };
		3F6D43CB1ACF282F000DA81D /* MeetEmUpScreen.png */ = {isa = PBXFileReference; lastKnownFileType = image.png; name = MeetEmUpScreen.png; path = Images.xcassets/first.imageset/MeetEmUpScreen.png; sourceTree = "<group>"; };
		3FA4D4931ADEFF89006CD755 /* MatchDetailViewController.h */ = {isa = PBXFileReference; fileEncoding = 4; lastKnownFileType = sourcecode.c.h; path = MatchDetailViewController.h; sourceTree = "<group>"; };
		3FA4D4941ADEFF89006CD755 /* MatchDetailViewController.m */ = {isa = PBXFileReference; fileEncoding = 4; lastKnownFileType = sourcecode.c.objc; path = MatchDetailViewController.m; sourceTree = "<group>"; };
		3FA4D4961ADF1B9E006CD755 /* Profile.h */ = {isa = PBXFileReference; fileEncoding = 4; lastKnownFileType = sourcecode.c.h; path = Profile.h; sourceTree = "<group>"; };
		3FA4D4971ADF1B9E006CD755 /* Profile.m */ = {isa = PBXFileReference; fileEncoding = 4; lastKnownFileType = sourcecode.c.objc; path = Profile.m; sourceTree = "<group>"; };
		3FE64D371ACF22CD00F786F3 /* AccountViewController.h */ = {isa = PBXFileReference; fileEncoding = 4; lastKnownFileType = sourcecode.c.h; path = AccountViewController.h; sourceTree = "<group>"; };
		3FE64D381ACF22CD00F786F3 /* AccountViewController.m */ = {isa = PBXFileReference; fileEncoding = 4; lastKnownFileType = sourcecode.c.objc; path = AccountViewController.m; sourceTree = "<group>"; };
		3FE64D3A1ACF2DDA00F786F3 /* Database.h */ = {isa = PBXFileReference; fileEncoding = 4; lastKnownFileType = sourcecode.c.h; path = Database.h; sourceTree = "<group>"; };
		3FE64D3B1ACF2DDA00F786F3 /* Database.m */ = {isa = PBXFileReference; fileEncoding = 4; lastKnownFileType = sourcecode.c.objc; path = Database.m; sourceTree = "<group>"; };
		3FE8A9D81AFC401700585AE4 /* CurrentMatchDetailVC.h */ = {isa = PBXFileReference; fileEncoding = 4; lastKnownFileType = sourcecode.c.h; path = CurrentMatchDetailVC.h; sourceTree = "<group>"; };
		3FE8A9D91AFC401700585AE4 /* CurrentMatchDetailVC.m */ = {isa = PBXFileReference; fileEncoding = 4; lastKnownFileType = sourcecode.c.objc; path = CurrentMatchDetailVC.m; sourceTree = "<group>"; };
		3FE8A9E31AFC4B6600585AE4 /* CurrentMatchListTVC.h */ = {isa = PBXFileReference; fileEncoding = 4; lastKnownFileType = sourcecode.c.h; path = CurrentMatchListTVC.h; sourceTree = "<group>"; };
		3FE8A9E41AFC4B6600585AE4 /* CurrentMatchListTVC.m */ = {isa = PBXFileReference; fileEncoding = 4; lastKnownFileType = sourcecode.c.objc; path = CurrentMatchListTVC.m; sourceTree = "<group>"; };
		3FE8A9E61AFC4DEE00585AE4 /* CurrentMatchTableCell.h */ = {isa = PBXFileReference; fileEncoding = 4; lastKnownFileType = sourcecode.c.h; path = CurrentMatchTableCell.h; sourceTree = "<group>"; };
		3FE8A9E71AFC4DEE00585AE4 /* CurrentMatchTableCell.m */ = {isa = PBXFileReference; fileEncoding = 4; lastKnownFileType = sourcecode.c.objc; path = CurrentMatchTableCell.m; sourceTree = "<group>"; };
		3FE8A9E91AFC4ED500585AE4 /* SearchListTVC.h */ = {isa = PBXFileReference; fileEncoding = 4; lastKnownFileType = sourcecode.c.h; path = SearchListTVC.h; sourceTree = "<group>"; };
		3FE8A9EA1AFC4ED500585AE4 /* SearchListTVC.m */ = {isa = PBXFileReference; fileEncoding = 4; lastKnownFileType = sourcecode.c.objc; path = SearchListTVC.m; sourceTree = "<group>"; };
		3FE8A9ED1AFC5CB900585AE4 /* SearchedUserCell.h */ = {isa = PBXFileReference; fileEncoding = 4; lastKnownFileType = sourcecode.c.h; path = SearchedUserCell.h; sourceTree = "<group>"; };
		3FE8A9EE1AFC5CB900585AE4 /* SearchedUserCell.m */ = {isa = PBXFileReference; fileEncoding = 4; lastKnownFileType = sourcecode.c.objc; path = SearchedUserCell.m; sourceTree = "<group>"; };
		3FFF63E11AE4333600BA6773 /* MainPageViewController.h */ = {isa = PBXFileReference; fileEncoding = 4; lastKnownFileType = sourcecode.c.h; path = MainPageViewController.h; sourceTree = "<group>"; };
		3FFF63E21AE4333600BA6773 /* MainPageViewController.m */ = {isa = PBXFileReference; fileEncoding = 4; lastKnownFileType = sourcecode.c.objc; path = MainPageViewController.m; sourceTree = "<group>"; };
		3FFF63E41AE4366700BA6773 /* TabBarController.h */ = {isa = PBXFileReference; fileEncoding = 4; lastKnownFileType = sourcecode.c.h; path = TabBarController.h; sourceTree = "<group>"; };
		3FFF63E51AE4366700BA6773 /* TabBarController.m */ = {isa = PBXFileReference; fileEncoding = 4; lastKnownFileType = sourcecode.c.objc; path = TabBarController.m; sourceTree = "<group>"; };
		3FFF63EA1AE43E7100BA6773 /* EditProfileViewController.h */ = {isa = PBXFileReference; fileEncoding = 4; lastKnownFileType = sourcecode.c.h; path = EditProfileViewController.h; sourceTree = "<group>"; };
		3FFF63EB1AE43E7100BA6773 /* EditProfileViewController.m */ = {isa = PBXFileReference; fileEncoding = 4; lastKnownFileType = sourcecode.c.objc; path = EditProfileViewController.m; sourceTree = "<group>"; };
/* End PBXFileReference section */

/* Begin PBXFrameworksBuildPhase section */
		3F43FCDF1AB61C3500BD3100 /* Frameworks */ = {
			isa = PBXFrameworksBuildPhase;
			buildActionMask = 2147483647;
			files = (
			);
			runOnlyForDeploymentPostprocessing = 0;
		};
		3F43FCFB1AB61C3500BD3100 /* Frameworks */ = {
			isa = PBXFrameworksBuildPhase;
			buildActionMask = 2147483647;
			files = (
			);
			runOnlyForDeploymentPostprocessing = 0;
		};
/* End PBXFrameworksBuildPhase section */

/* Begin PBXGroup section */
		3F43FCD91AB61C3500BD3100 = {
			isa = PBXGroup;
			children = (
				3F43FCE41AB61C3500BD3100 /* MeetEmUp */,
				3F43FD011AB61C3500BD3100 /* MeetEmUpTests */,
				3F43FCE31AB61C3500BD3100 /* Products */,
			);
			sourceTree = "<group>";
		};
		3F43FCE31AB61C3500BD3100 /* Products */ = {
			isa = PBXGroup;
			children = (
				3F43FCE21AB61C3500BD3100 /* MeetEmUp.app */,
				3F43FCFE1AB61C3500BD3100 /* MeetEmUpTests.xctest */,
			);
			name = Products;
			sourceTree = "<group>";
		};
		3F43FCE41AB61C3500BD3100 /* MeetEmUp */ = {
			isa = PBXGroup;
			children = (
				3FE8A9EC1AFC579A00585AE4 /* Model */,
				3FE8A9E21AFC4B5500585AE4 /* TVC */,
				3FE8A9E11AFC48F200585AE4 /* Globals */,
				3FE8A9E01AFC47E900585AE4 /* Table Cells */,
				3FE8A9DF1AFC478700585AE4 /* VC */,
				3FE8A9DE1AFC475600585AE4 /* Database */,
				3FE8A9D41AFC3EBF00585AE4 /* Images */,
				3F43FCE91AB61C3500BD3100 /* AppDelegate.h */,
				3F43FCEA1AB61C3500BD3100 /* AppDelegate.m */,
				3F43FCF21AB61C3500BD3100 /* Main.storyboard */,
				3F43FCF51AB61C3500BD3100 /* Images.xcassets */,
				3F43FCF71AB61C3500BD3100 /* LaunchScreen.xib */,
				3F43FCE51AB61C3500BD3100 /* Supporting Files */,
			);
			path = MeetEmUp;
			sourceTree = "<group>";
		};
		3F43FCE51AB61C3500BD3100 /* Supporting Files */ = {
			isa = PBXGroup;
			children = (
				3F43FCE61AB61C3500BD3100 /* Info.plist */,
				3F43FCE71AB61C3500BD3100 /* main.m */,
			);
			name = "Supporting Files";
			sourceTree = "<group>";
		};
		3F43FD011AB61C3500BD3100 /* MeetEmUpTests */ = {
			isa = PBXGroup;
			children = (
				3F43FD041AB61C3500BD3100 /* MeetEmUpTests.m */,
				3F43FD021AB61C3500BD3100 /* Supporting Files */,
			);
			path = MeetEmUpTests;
			sourceTree = "<group>";
		};
		3F43FD021AB61C3500BD3100 /* Supporting Files */ = {
			isa = PBXGroup;
			children = (
				3F43FD031AB61C3500BD3100 /* Info.plist */,
			);
			name = "Supporting Files";
			sourceTree = "<group>";
		};
		3FE8A9D41AFC3EBF00585AE4 /* Images */ = {
			isa = PBXGroup;
			children = (
				3F6D43CB1ACF282F000DA81D /* MeetEmUpScreen.png */,
				3F0339401AF3FD76007DA47D /* MeetEmUpScreen2.png */,
				3F0339411AF3FD76007DA47D /* Icon_Favorite.png */,
				3F0339421AF3FD76007DA47D /* Icon_Profile.png */,
				3F0339431AF3FD76007DA47D /* MEU Logo2.png */,
				3F0339441AF3FD76007DA47D /* Icon_List.png */,
				3F0339451AF3FD76007DA47D /* MEU App Icon2.png */,
			);
			name = Images;
			sourceTree = "<group>";
		};
		3FE8A9DE1AFC475600585AE4 /* Database */ = {
			isa = PBXGroup;
			children = (
				3FE64D3A1ACF2DDA00F786F3 /* Database.h */,
				3FE64D3B1ACF2DDA00F786F3 /* Database.m */,
			);
			name = Database;
			sourceTree = "<group>";
		};
		3FE8A9DF1AFC478700585AE4 /* VC */ = {
			isa = PBXGroup;
			children = (
				3FA4D4931ADEFF89006CD755 /* MatchDetailViewController.h */,
				3FA4D4941ADEFF89006CD755 /* MatchDetailViewController.m */,
				3FFF63EA1AE43E7100BA6773 /* EditProfileViewController.h */,
				3FFF63EB1AE43E7100BA6773 /* EditProfileViewController.m */,
				3FFF63E11AE4333600BA6773 /* MainPageViewController.h */,
				3FFF63E21AE4333600BA6773 /* MainPageViewController.m */,
				3FE64D371ACF22CD00F786F3 /* AccountViewController.h */,
				3FE64D381ACF22CD00F786F3 /* AccountViewController.m */,
				3F6C53BE1ACDDA44006905A3 /* LoginViewController.h */,
				3F6C53BF1ACDDA44006905A3 /* LoginViewController.m */,
				3FE8A9D81AFC401700585AE4 /* CurrentMatchDetailVC.h */,
				3FE8A9D91AFC401700585AE4 /* CurrentMatchDetailVC.m */,
			);
			name = VC;
			sourceTree = "<group>";
		};
		3FE8A9E01AFC47E900585AE4 /* Table Cells */ = {
			isa = PBXGroup;
			children = (
				3F65D6591AE976360053F022 /* InterestTableCell.h */,
				3F65D65A1AE976360053F022 /* InterestTableCell.m */,
				3FE8A9E61AFC4DEE00585AE4 /* CurrentMatchTableCell.h */,
				3FE8A9E71AFC4DEE00585AE4 /* CurrentMatchTableCell.m */,
				3FE8A9ED1AFC5CB900585AE4 /* SearchedUserCell.h */,
				3FE8A9EE1AFC5CB900585AE4 /* SearchedUserCell.m */,
			);
			name = "Table Cells";
			sourceTree = "<group>";
		};
		3FE8A9E11AFC48F200585AE4 /* Globals */ = {
			isa = PBXGroup;
			children = (
				3FFF63E41AE4366700BA6773 /* TabBarController.h */,
				3FFF63E51AE4366700BA6773 /* TabBarController.m */,
			);
			name = Globals;
			sourceTree = "<group>";
		};
		3FE8A9E21AFC4B5500585AE4 /* TVC */ = {
			isa = PBXGroup;
			children = (
				3FE8A9E31AFC4B6600585AE4 /* CurrentMatchListTVC.h */,
				3FE8A9E41AFC4B6600585AE4 /* CurrentMatchListTVC.m */,
				3FE8A9E91AFC4ED500585AE4 /* SearchListTVC.h */,
				3FE8A9EA1AFC4ED500585AE4 /* SearchListTVC.m */,
			);
			name = TVC;
			sourceTree = "<group>";
		};
		3FE8A9EC1AFC579A00585AE4 /* Model */ = {
			isa = PBXGroup;
			children = (
				3FA4D4961ADF1B9E006CD755 /* Profile.h */,
				3FA4D4971ADF1B9E006CD755 /* Profile.m */,
				3F43FD111AB6356D00BD3100 /* User.h */,
				3F43FD121AB6356D00BD3100 /* User.m */,
			);
			name = Model;
			sourceTree = "<group>";
		};
/* End PBXGroup section */

/* Begin PBXNativeTarget section */
		3F43FCE11AB61C3500BD3100 /* MeetEmUp */ = {
			isa = PBXNativeTarget;
			buildConfigurationList = 3F43FD081AB61C3500BD3100 /* Build configuration list for PBXNativeTarget "MeetEmUp" */;
			buildPhases = (
				3F43FCDE1AB61C3500BD3100 /* Sources */,
				3F43FCDF1AB61C3500BD3100 /* Frameworks */,
				3F43FCE01AB61C3500BD3100 /* Resources */,
			);
			buildRules = (
			);
			dependencies = (
			);
			name = MeetEmUp;
			productName = MeetEmUp;
			productReference = 3F43FCE21AB61C3500BD3100 /* MeetEmUp.app */;
			productType = "com.apple.product-type.application";
		};
		3F43FCFD1AB61C3500BD3100 /* MeetEmUpTests */ = {
			isa = PBXNativeTarget;
			buildConfigurationList = 3F43FD0B1AB61C3500BD3100 /* Build configuration list for PBXNativeTarget "MeetEmUpTests" */;
			buildPhases = (
				3F43FCFA1AB61C3500BD3100 /* Sources */,
				3F43FCFB1AB61C3500BD3100 /* Frameworks */,
				3F43FCFC1AB61C3500BD3100 /* Resources */,
			);
			buildRules = (
			);
			dependencies = (
				3F43FD001AB61C3500BD3100 /* PBXTargetDependency */,
			);
			name = MeetEmUpTests;
			productName = MeetEmUpTests;
			productReference = 3F43FCFE1AB61C3500BD3100 /* MeetEmUpTests.xctest */;
			productType = "com.apple.product-type.bundle.unit-test";
		};
/* End PBXNativeTarget section */

/* Begin PBXProject section */
		3F43FCDA1AB61C3500BD3100 /* Project object */ = {
			isa = PBXProject;
			attributes = {
				LastUpgradeCheck = 0610;
				ORGANIZATIONNAME = "Nathaniel Kierpiec Nick Greenquist Dylan Coats Max Peabody";
				TargetAttributes = {
					3F43FCE11AB61C3500BD3100 = {
						CreatedOnToolsVersion = 6.1;
					};
					3F43FCFD1AB61C3500BD3100 = {
						CreatedOnToolsVersion = 6.1;
						TestTargetID = 3F43FCE11AB61C3500BD3100;
					};
				};
			};
			buildConfigurationList = 3F43FCDD1AB61C3500BD3100 /* Build configuration list for PBXProject "MeetEmUp" */;
			compatibilityVersion = "Xcode 3.2";
			developmentRegion = English;
			hasScannedForEncodings = 0;
			knownRegions = (
				en,
				Base,
			);
			mainGroup = 3F43FCD91AB61C3500BD3100;
			productRefGroup = 3F43FCE31AB61C3500BD3100 /* Products */;
			projectDirPath = "";
			projectRoot = "";
			targets = (
				3F43FCE11AB61C3500BD3100 /* MeetEmUp */,
				3F43FCFD1AB61C3500BD3100 /* MeetEmUpTests */,
			);
		};
/* End PBXProject section */

/* Begin PBXResourcesBuildPhase section */
		3F43FCE01AB61C3500BD3100 /* Resources */ = {
			isa = PBXResourcesBuildPhase;
			buildActionMask = 2147483647;
			files = (
				3F0339471AF3FD76007DA47D /* Icon_Favorite.png in Resources */,
				3F03394B1AF3FD76007DA47D /* MEU App Icon2.png in Resources */,
				3F43FCF41AB61C3500BD3100 /* Main.storyboard in Resources */,
				3F0339491AF3FD76007DA47D /* MEU Logo2.png in Resources */,
				3F0339461AF3FD76007DA47D /* MeetEmUpScreen2.png in Resources */,
				3F43FCF91AB61C3500BD3100 /* LaunchScreen.xib in Resources */,
				3F43FCF61AB61C3500BD3100 /* Images.xcassets in Resources */,
				3F03394A1AF3FD76007DA47D /* Icon_List.png in Resources */,
				3F0339481AF3FD76007DA47D /* Icon_Profile.png in Resources */,
				3F6D43CC1ACF282F000DA81D /* MeetEmUpScreen.png in Resources */,
			);
			runOnlyForDeploymentPostprocessing = 0;
		};
		3F43FCFC1AB61C3500BD3100 /* Resources */ = {
			isa = PBXResourcesBuildPhase;
			buildActionMask = 2147483647;
			files = (
			);
			runOnlyForDeploymentPostprocessing = 0;
		};
/* End PBXResourcesBuildPhase section */

/* Begin PBXSourcesBuildPhase section */
		3F43FCDE1AB61C3500BD3100 /* Sources */ = {
			isa = PBXSourcesBuildPhase;
			buildActionMask = 2147483647;
			files = (
				3FE8A9E81AFC4DEE00585AE4 /* CurrentMatchTableCell.m in Sources */,
				3FE8A9EF1AFC5CB900585AE4 /* SearchedUserCell.m in Sources */,
				3FA4D4981ADF1B9E006CD755 /* Profile.m in Sources */,
				3F43FD131AB6356D00BD3100 /* User.m in Sources */,
				3FFF63EC1AE43E7100BA6773 /* EditProfileViewController.m in Sources */,
				3FFF63E61AE4366700BA6773 /* TabBarController.m in Sources */,
				3FE64D3C1ACF2DDA00F786F3 /* Database.m in Sources */,
				3FE64D391ACF22CD00F786F3 /* AccountViewController.m in Sources */,
				3FE8A9EB1AFC4ED500585AE4 /* SearchListTVC.m in Sources */,
				3F6C53C01ACDDA44006905A3 /* LoginViewController.m in Sources */,
				3FE8A9E51AFC4B6600585AE4 /* CurrentMatchListTVC.m in Sources */,
				3F65D65B1AE976360053F022 /* InterestTableCell.m in Sources */,
				3F43FCEB1AB61C3500BD3100 /* AppDelegate.m in Sources */,
				3FFF63E31AE4333600BA6773 /* MainPageViewController.m in Sources */,
				3FA4D4951ADEFF89006CD755 /* MatchDetailViewController.m in Sources */,
				3FE8A9DA1AFC401700585AE4 /* CurrentMatchDetailVC.m in Sources */,
				3F43FCE81AB61C3500BD3100 /* main.m in Sources */,
			);
			runOnlyForDeploymentPostprocessing = 0;
		};
		3F43FCFA1AB61C3500BD3100 /* Sources */ = {
			isa = PBXSourcesBuildPhase;
			buildActionMask = 2147483647;
			files = (
				3F43FD051AB61C3500BD3100 /* MeetEmUpTests.m in Sources */,
			);
			runOnlyForDeploymentPostprocessing = 0;
		};
/* End PBXSourcesBuildPhase section */

/* Begin PBXTargetDependency section */
		3F43FD001AB61C3500BD3100 /* PBXTargetDependency */ = {
			isa = PBXTargetDependency;
			target = 3F43FCE11AB61C3500BD3100 /* MeetEmUp */;
			targetProxy = 3F43FCFF1AB61C3500BD3100 /* PBXContainerItemProxy */;
		};
/* End PBXTargetDependency section */

/* Begin PBXVariantGroup section */
		3F43FCF21AB61C3500BD3100 /* Main.storyboard */ = {
			isa = PBXVariantGroup;
			children = (
				3F43FCF31AB61C3500BD3100 /* Base */,
			);
			name = Main.storyboard;
			sourceTree = "<group>";
		};
		3F43FCF71AB61C3500BD3100 /* LaunchScreen.xib */ = {
			isa = PBXVariantGroup;
			children = (
				3F43FCF81AB61C3500BD3100 /* Base */,
			);
			name = LaunchScreen.xib;
			sourceTree = "<group>";
		};
/* End PBXVariantGroup section */

/* Begin XCBuildConfiguration section */
		3F43FD061AB61C3500BD3100 /* Debug */ = {
			isa = XCBuildConfiguration;
			buildSettings = {
				ALWAYS_SEARCH_USER_PATHS = NO;
				CLANG_CXX_LANGUAGE_STANDARD = "gnu++0x";
				CLANG_CXX_LIBRARY = "libc++";
				CLANG_ENABLE_MODULES = YES;
				CLANG_ENABLE_OBJC_ARC = YES;
				CLANG_WARN_BOOL_CONVERSION = YES;
				CLANG_WARN_CONSTANT_CONVERSION = YES;
				CLANG_WARN_DIRECT_OBJC_ISA_USAGE = YES_ERROR;
				CLANG_WARN_EMPTY_BODY = YES;
				CLANG_WARN_ENUM_CONVERSION = YES;
				CLANG_WARN_INT_CONVERSION = YES;
				CLANG_WARN_OBJC_ROOT_CLASS = YES_ERROR;
				CLANG_WARN_UNREACHABLE_CODE = YES;
				CLANG_WARN__DUPLICATE_METHOD_MATCH = YES;
				"CODE_SIGN_IDENTITY[sdk=iphoneos*]" = "iPhone Developer";
				COPY_PHASE_STRIP = NO;
				ENABLE_STRICT_OBJC_MSGSEND = YES;
				GCC_C_LANGUAGE_STANDARD = gnu99;
				GCC_DYNAMIC_NO_PIC = NO;
				GCC_OPTIMIZATION_LEVEL = 0;
				GCC_PREPROCESSOR_DEFINITIONS = (
					"DEBUG=1",
					"$(inherited)",
				);
				GCC_SYMBOLS_PRIVATE_EXTERN = NO;
				GCC_WARN_64_TO_32_BIT_CONVERSION = YES;
				GCC_WARN_ABOUT_RETURN_TYPE = YES_ERROR;
				GCC_WARN_UNDECLARED_SELECTOR = YES;
				GCC_WARN_UNINITIALIZED_AUTOS = YES_AGGRESSIVE;
				GCC_WARN_UNUSED_FUNCTION = YES;
				GCC_WARN_UNUSED_VARIABLE = YES;
				IPHONEOS_DEPLOYMENT_TARGET = 8.1;
				MTL_ENABLE_DEBUG_INFO = YES;
				ONLY_ACTIVE_ARCH = YES;
				SDKROOT = iphoneos;
				TARGETED_DEVICE_FAMILY = "1,2";
			};
			name = Debug;
		};
		3F43FD071AB61C3500BD3100 /* Release */ = {
			isa = XCBuildConfiguration;
			buildSettings = {
				ALWAYS_SEARCH_USER_PATHS = NO;
				CLANG_CXX_LANGUAGE_STANDARD = "gnu++0x";
				CLANG_CXX_LIBRARY = "libc++";
				CLANG_ENABLE_MODULES = YES;
				CLANG_ENABLE_OBJC_ARC = YES;
				CLANG_WARN_BOOL_CONVERSION = YES;
				CLANG_WARN_CONSTANT_CONVERSION = YES;
				CLANG_WARN_DIRECT_OBJC_ISA_USAGE = YES_ERROR;
				CLANG_WARN_EMPTY_BODY = YES;
				CLANG_WARN_ENUM_CONVERSION = YES;
				CLANG_WARN_INT_CONVERSION = YES;
				CLANG_WARN_OBJC_ROOT_CLASS = YES_ERROR;
				CLANG_WARN_UNREACHABLE_CODE = YES;
				CLANG_WARN__DUPLICATE_METHOD_MATCH = YES;
				"CODE_SIGN_IDENTITY[sdk=iphoneos*]" = "iPhone Developer";
				COPY_PHASE_STRIP = YES;
				ENABLE_NS_ASSERTIONS = NO;
				ENABLE_STRICT_OBJC_MSGSEND = YES;
				GCC_C_LANGUAGE_STANDARD = gnu99;
				GCC_WARN_64_TO_32_BIT_CONVERSION = YES;
				GCC_WARN_ABOUT_RETURN_TYPE = YES_ERROR;
				GCC_WARN_UNDECLARED_SELECTOR = YES;
				GCC_WARN_UNINITIALIZED_AUTOS = YES_AGGRESSIVE;
				GCC_WARN_UNUSED_FUNCTION = YES;
				GCC_WARN_UNUSED_VARIABLE = YES;
				IPHONEOS_DEPLOYMENT_TARGET = 8.1;
				MTL_ENABLE_DEBUG_INFO = NO;
				SDKROOT = iphoneos;
				TARGETED_DEVICE_FAMILY = "1,2";
				VALIDATE_PRODUCT = YES;
			};
			name = Release;
		};
		3F43FD091AB61C3500BD3100 /* Debug */ = {
			isa = XCBuildConfiguration;
			buildSettings = {
				ASSETCATALOG_COMPILER_APPICON_NAME = AppIcon;
				INFOPLIST_FILE = MeetEmUp/Info.plist;
				LD_RUNPATH_SEARCH_PATHS = "$(inherited) @executable_path/Frameworks";
				PRODUCT_NAME = "$(TARGET_NAME)";
			};
			name = Debug;
		};
		3F43FD0A1AB61C3500BD3100 /* Release */ = {
			isa = XCBuildConfiguration;
			buildSettings = {
				ASSETCATALOG_COMPILER_APPICON_NAME = AppIcon;
				INFOPLIST_FILE = MeetEmUp/Info.plist;
				LD_RUNPATH_SEARCH_PATHS = "$(inherited) @executable_path/Frameworks";
				PRODUCT_NAME = "$(TARGET_NAME)";
			};
			name = Release;
		};
		3F43FD0C1AB61C3500BD3100 /* Debug */ = {
			isa = XCBuildConfiguration;
			buildSettings = {
				BUNDLE_LOADER = "$(TEST_HOST)";
				FRAMEWORK_SEARCH_PATHS = (
					"$(SDKROOT)/Developer/Library/Frameworks",
					"$(inherited)",
				);
				GCC_PREPROCESSOR_DEFINITIONS = (
					"DEBUG=1",
					"$(inherited)",
				);
				INFOPLIST_FILE = MeetEmUpTests/Info.plist;
				LD_RUNPATH_SEARCH_PATHS = "$(inherited) @executable_path/Frameworks @loader_path/Frameworks";
				PRODUCT_NAME = "$(TARGET_NAME)";
				TEST_HOST = "$(BUILT_PRODUCTS_DIR)/MeetEmUp.app/MeetEmUp";
			};
			name = Debug;
		};
		3F43FD0D1AB61C3500BD3100 /* Release */ = {
			isa = XCBuildConfiguration;
			buildSettings = {
				BUNDLE_LOADER = "$(TEST_HOST)";
				FRAMEWORK_SEARCH_PATHS = (
					"$(SDKROOT)/Developer/Library/Frameworks",
					"$(inherited)",
				);
				INFOPLIST_FILE = MeetEmUpTests/Info.plist;
				LD_RUNPATH_SEARCH_PATHS = "$(inherited) @executable_path/Frameworks @loader_path/Frameworks";
				PRODUCT_NAME = "$(TARGET_NAME)";
				TEST_HOST = "$(BUILT_PRODUCTS_DIR)/MeetEmUp.app/MeetEmUp";
			};
			name = Release;
		};
/* End XCBuildConfiguration section */

/* Begin XCConfigurationList section */
		3F43FCDD1AB61C3500BD3100 /* Build configuration list for PBXProject "MeetEmUp" */ = {
			isa = XCConfigurationList;
			buildConfigurations = (
				3F43FD061AB61C3500BD3100 /* Debug */,
				3F43FD071AB61C3500BD3100 /* Release */,
			);
			defaultConfigurationIsVisible = 0;
			defaultConfigurationName = Release;
		};
		3F43FD081AB61C3500BD3100 /* Build configuration list for PBXNativeTarget "MeetEmUp" */ = {
			isa = XCConfigurationList;
			buildConfigurations = (
				3F43FD091AB61C3500BD3100 /* Debug */,
				3F43FD0A1AB61C3500BD3100 /* Release */,
			);
			defaultConfigurationIsVisible = 0;
			defaultConfigurationName = Release;
		};
		3F43FD0B1AB61C3500BD3100 /* Build configuration list for PBXNativeTarget "MeetEmUpTests" */ = {
			isa = XCConfigurationList;
			buildConfigurations = (
				3F43FD0C1AB61C3500BD3100 /* Debug */,
				3F43FD0D1AB61C3500BD3100 /* Release */,
			);
			defaultConfigurationIsVisible = 0;
			defaultConfigurationName = Release;
		};
/* End XCConfigurationList section */
	};
	rootObject = 3F43FCDA1AB61C3500BD3100 /* Project object */;
}
